
Microsoft Visual Studio Solution File, Format Version 12.00
# Visual Studio Version 17
VisualStudioVersion = 17.0.31903.59
MinimumVisualStudioVersion = 10.0.40219.1
Project("{2150E333-8FDC-42A3-9474-1A3956D46DE8}") = "src", "src", "{827E0CD3-B72D-47B6-A68D-7590B98EB39B}"
EndProject
Project("{FAE04EC0-301F-11D3-BF4B-00C04F79EFBC}") = "EphemeralChat.Core", "src\EphemeralChat.Core\EphemeralChat.Core.csproj", "{E79E43D0-A8F8-4EA2-9587-CDB954026C57}"
EndProject
Project("{FAE04EC0-301F-11D3-BF4B-00C04F79EFBC}") = "EphemeralChat.Security", "src\EphemeralChat.Security\EphemeralChat.Security.csproj", "{F4C2C91C-0740-437C-A862-D78FC144DE20}"
EndProject
Project("{FAE04EC0-301F-11D3-BF4B-00C04F79EFBC}") = "EphemeralChat.Network", "src\EphemeralChat.Network\EphemeralChat.Network.csproj", "{7A8E01AF-D500-4280-9ECB-231B3CDB1C98}"
EndProject
Project("{FAE04EC0-301F-11D3-BF4B-00C04F79EFBC}") = "EphemeralChat.Signaling", "src\EphemeralChat.Signaling\EphemeralChat.Signaling.csproj", "{536D854E-4C63-4AD8-8858-A9E01AE2A9CE}"
EndProject
Project("{FAE04EC0-301F-11D3-BF4B-00C04F79EFBC}") = "EphemeralChat.App", "src\EphemeralChat.App\EphemeralChat.App.csproj", "{DE4EBFB8-C8EF-4EE6-862B-505D1669B56D}"
EndProject
Project("{FAE04EC0-301F-11D3-BF4B-00C04F79EFBC}") = "EphemeralChat.Tests", "tests\EphemeralChat.Tests\EphemeralChat.Tests.csproj", "{F9EA78F2-5F4B-4682-81C9-F07FFBF12EA3}"
EndProject
Global
	GlobalSection(SolutionConfigurationPlatforms) = preSolution
		Debug|Any CPU = Debug|Any CPU
		Debug|x64 = Debug|x64
		Debug|x86 = Debug|x86
		Release|Any CPU = Release|Any CPU
		Release|x64 = Release|x64
		Release|x86 = Release|x86
	EndGlobalSection
	GlobalSection(ProjectConfigurationPlatforms) = postSolution
		{E79E43D0-A8F8-4EA2-9587-CDB954026C57}.Debug|Any CPU.ActiveCfg = Debug|Any CPU
		{E79E43D0-A8F8-4EA2-9587-CDB954026C57}.Debug|Any CPU.Build.0 = Debug|Any CPU
		{E79E43D0-A8F8-4EA2-9587-CDB954026C57}.Debug|x64.ActiveCfg = Debug|Any CPU
		{E79E43D0-A8F8-4EA2-9587-CDB954026C57}.Debug|x64.Build.0 = Debug|Any CPU
		{E79E43D0-A8F8-4EA2-9587-CDB954026C57}.Debug|x86.ActiveCfg = Debug|Any CPU
		{E79E43D0-A8F8-4EA2-9587-CDB954026C57}.Debug|x86.Build.0 = Debug|Any CPU
		{E79E43D0-A8F8-4EA2-9587-CDB954026C57}.Release|Any CPU.ActiveCfg = Release|Any CPU
		{E79E43D0-A8F8-4EA2-9587-CDB954026C57}.Release|Any CPU.Build.0 = Release|Any CPU
		{E79E43D0-A8F8-4EA2-9587-CDB954026C57}.Release|x64.ActiveCfg = Release|Any CPU
		{E79E43D0-A8F8-4EA2-9587-CDB954026C57}.Release|x64.Build.0 = Release|Any CPU
		{E79E43D0-A8F8-4EA2-9587-CDB954026C57}.Release|x86.ActiveCfg = Release|Any CPU
		{E79E43D0-A8F8-4EA2-9587-CDB954026C57}.Release|x86.Build.0 = Release|Any CPU
		{F4C2C91C-0740-437C-A862-D78FC144DE20}.Debug|Any CPU.ActiveCfg = Debug|Any CPU
		{F4C2C91C-0740-437C-A862-D78FC144DE20}.Debug|Any CPU.Build.0 = Debug|Any CPU
		{F4C2C91C-0740-437C-A862-D78FC144DE20}.Debug|x64.ActiveCfg = Debug|Any CPU
		{F4C2C91C-0740-437C-A862-D78FC144DE20}.Debug|x64.Build.0 = Debug|Any CPU
		{F4C2C91C-0740-437C-A862-D78FC144DE20}.Debug|x86.ActiveCfg = Debug|Any CPU
		{F4C2C91C-0740-437C-A862-D78FC144DE20}.Debug|x86.Build.0 = Debug|Any CPU
		{F4C2C91C-0740-437C-A862-D78FC144DE20}.Release|Any CPU.ActiveCfg = Release|Any CPU
		{F4C2C91C-0740-437C-A862-D78FC144DE20}.Release|Any CPU.Build.0 = Release|Any CPU
		{F4C2C91C-0740-437C-A862-D78FC144DE20}.Release|x64.ActiveCfg = Release|Any CPU
		{F4C2C91C-0740-437C-A862-D78FC144DE20}.Release|x64.Build.0 = Release|Any CPU
		{F4C2C91C-0740-437C-A862-D78FC144DE20}.Release|x86.ActiveCfg = Release|Any CPU
		{F4C2C91C-0740-437C-A862-D78FC144DE20}.Release|x86.Build.0 = Release|Any CPU
		{7A8E01AF-D500-4280-9ECB-231B3CDB1C98}.Debug|Any CPU.ActiveCfg = Debug|Any CPU
		{7A8E01AF-D500-4280-9ECB-231B3CDB1C98}.Debug|Any CPU.Build.0 = Debug|Any CPU
		{7A8E01AF-D500-4280-9ECB-231B3CDB1C98}.Debug|x64.ActiveCfg = Debug|Any CPU
		{7A8E01AF-D500-4280-9ECB-231B3CDB1C98}.Debug|x64.Build.0 = Debug|Any CPU
		{7A8E01AF-D500-4280-9ECB-231B3CDB1C98}.Debug|x86.ActiveCfg = Debug|Any CPU
		{7A8E01AF-D500-4280-9ECB-231B3CDB1C98}.Debug|x86.Build.0 = Debug|Any CPU
		{7A8E01AF-D500-4280-9ECB-231B3CDB1C98}.Release|Any CPU.ActiveCfg = Release|Any CPU
		{7A8E01AF-D500-4280-9ECB-231B3CDB1C98}.Release|Any CPU.Build.0 = Release|Any CPU
		{7A8E01AF-D500-4280-9ECB-231B3CDB1C98}.Release|x64.ActiveCfg = Release|Any CPU
		{7A8E01AF-D500-4280-9ECB-231B3CDB1C98}.Release|x64.Build.0 = Release|Any CPU
		{7A8E01AF-D500-4280-9ECB-231B3CDB1C98}.Release|x86.ActiveCfg = Release|Any CPU
		{7A8E01AF-D500-4280-9ECB-231B3CDB1C98}.Release|x86.Build.0 = Release|Any CPU
		{536D854E-4C63-4AD8-8858-A9E01AE2A9CE}.Debug|Any CPU.ActiveCfg = Debug|Any CPU
		{536D854E-4C63-4AD8-8858-A9E01AE2A9CE}.Debug|Any CPU.Build.0 = Debug|Any CPU
		{536D854E-4C63-4AD8-8858-A9E01AE2A9CE}.Debug|x64.ActiveCfg = Debug|Any CPU
		{536D854E-4C63-4AD8-8858-A9E01AE2A9CE}.Debug|x64.Build.0 = Debug|Any CPU
		{536D854E-4C63-4AD8-8858-A9E01AE2A9CE}.Debug|x86.ActiveCfg = Debug|Any CPU
		{536D854E-4C63-4AD8-8858-A9E01AE2A9CE}.Debug|x86.Build.0 = Debug|Any CPU
		{536D854E-4C63-4AD8-8858-A9E01AE2A9CE}.Release|Any CPU.ActiveCfg = Release|Any CPU
		{536D854E-4C63-4AD8-8858-A9E01AE2A9CE}.Release|Any CPU.Build.0 = Release|Any CPU
		{536D854E-4C63-4AD8-8858-A9E01AE2A9CE}.Release|x64.ActiveCfg = Release|Any CPU
		{536D854E-4C63-4AD8-8858-A9E01AE2A9CE}.Release|x64.Build.0 = Release|Any CPU
		{536D854E-4C63-4AD8-8858-A9E01AE2A9CE}.Release|x86.ActiveCfg = Release|Any CPU
		{536D854E-4C63-4AD8-8858-A9E01AE2A9CE}.Release|x86.Build.0 = Release|Any CPU
		{DE4EBFB8-C8EF-4EE6-862B-505D1669B56D}.Debug|Any CPU.ActiveCfg = Debug|Any CPU
		{DE4EBFB8-C8EF-4EE6-862B-505D1669B56D}.Debug|Any CPU.Build.0 = Debug|Any CPU
		{DE4EBFB8-C8EF-4EE6-862B-505D1669B56D}.Debug|x64.ActiveCfg = Debug|Any CPU
		{DE4EBFB8-C8EF-4EE6-862B-505D1669B56D}.Debug|x64.Build.0 = Debug|Any CPU
		{DE4EBFB8-C8EF-4EE6-862B-505D1669B56D}.Debug|x86.ActiveCfg = Debug|Any CPU
		{DE4EBFB8-C8EF-4EE6-862B-505D1669B56D}.Debug|x86.Build.0 = Debug|Any CPU
		{DE4EBFB8-C8EF-4EE6-862B-505D1669B56D}.Release|Any CPU.ActiveCfg = Release|Any CPU
		{DE4EBFB8-C8EF-4EE6-862B-505D1669B56D}.Release|Any CPU.Build.0 = Release|Any CPU
		{DE4EBFB8-C8EF-4EE6-862B-505D1669B56D}.Release|x64.ActiveCfg = Release|Any CPU
		{DE4EBFB8-C8EF-4EE6-862B-505D1669B56D}.Release|x64.Build.0 = Release|Any CPU
		{DE4EBFB8-C8EF-4EE6-862B-505D1669B56D}.Release|x86.ActiveCfg = Release|Any CPU
		{DE4EBFB8-C8EF-4EE6-862B-505D1669B56D}.Release|x86.Build.0 = Release|Any CPU
		{F9EA78F2-5F4B-4682-81C9-F07FFBF12EA3}.Debug|Any CPU.ActiveCfg = Debug|Any CPU
		{F9EA78F2-5F4B-4682-81C9-F07FFBF12EA3}.Debug|Any CPU.Build.0 = Debug|Any CPU
		{F9EA78F2-5F4B-4682-81C9-F07FFBF12EA3}.Debug|x64.ActiveCfg = Debug|Any CPU
		{F9EA78F2-5F4B-4682-81C9-F07FFBF12EA3}.Debug|x64.Build.0 = Debug|Any CPU
		{F9EA78F2-5F4B-4682-81C9-F07FFBF12EA3}.Debug|x86.ActiveCfg = Debug|Any CPU
		{F9EA78F2-5F4B-4682-81C9-F07FFBF12EA3}.Debug|x86.Build.0 = Debug|Any CPU
		{F9EA78F2-5F4B-4682-81C9-F07FFBF12EA3}.Release|Any CPU.ActiveCfg = Release|Any CPU
		{F9EA78F2-5F4B-4682-81C9-F07FFBF12EA3}.Release|Any CPU.Build.0 = Release|Any CPU
		{F9EA78F2-5F4B-4682-81C9-F07FFBF12EA3}.Release|x64.ActiveCfg = Release|Any CPU
		{F9EA78F2-5F4B-4682-81C9-F07FFBF12EA3}.Release|x64.Build.0 = Release|Any CPU
		{F9EA78F2-5F4B-4682-81C9-F07FFBF12EA3}.Release|x86.ActiveCfg = Release|Any CPU
		{F9EA78F2-5F4B-4682-81C9-F07FFBF12EA3}.Release|x86.Build.0 = Release|Any CPU
	EndGlobalSection
	GlobalSection(SolutionProperties) = preSolution
		HideSolutionNode = FALSE
	EndGlobalSection
	GlobalSection(NestedProjects) = preSolution
		{E79E43D0-A8F8-4EA2-9587-CDB954026C57} = {827E0CD3-B72D-47B6-A68D-7590B98EB39B}
		{F4C2C91C-0740-437C-A862-D78FC144DE20} = {827E0CD3-B72D-47B6-A68D-7590B98EB39B}
		{7A8E01AF-D500-4280-9ECB-231B3CDB1C98} = {827E0CD3-B72D-47B6-A68D-7590B98EB39B}
		{536D854E-4C63-4AD8-8858-A9E01AE2A9CE} = {827E0CD3-B72D-47B6-A68D-7590B98EB39B}
		{DE4EBFB8-C8EF-4EE6-862B-505D1669B56D} = {827E0CD3-B72D-47B6-A68D-7590B98EB39B}
		{F9EA78F2-5F4B-4682-81C9-F07FFBF12EA3} = {827E0CD3-B72D-47B6-A68D-7590B98EB39B}
	EndGlobalSection
EndGlobal
